
Microsoft Visual Studio Solution File, Format Version 12.00
# Visual Studio 2013
VisualStudioVersion = 12.0.21005.1
MinimumVisualStudioVersion = 10.0.40219.1
Project("{FAE04EC0-301F-11D3-BF4B-00C04F79EFBC}") = "TenderProcessing", "TenderProcessing\TenderProcessing.csproj", "{1F1F7835-439B-401D-90EF-F9BA15BC4819}"
EndProject
Project("{FAE04EC0-301F-11D3-BF4B-00C04F79EFBC}") = "TenderProcessingDataAccessLayer", "TenderProcessingDataAccessLayer\TenderProcessingDataAccessLayer.csproj", "{C75B11E5-72F3-4551-93B7-D4ADD2D35321}"
EndProject
Project("{FAE04EC0-301F-11D3-BF4B-00C04F79EFBC}") = "TenderProcessingClaimDeadLineMonitor", "TenderProcessingClaimDeadLineMonitor\TenderProcessingClaimDeadLineMonitor.csproj", "{4B0CE9F1-8020-4481-826A-1CB289443BF5}"
EndProject
Global
	GlobalSection(SolutionConfigurationPlatforms) = preSolution
		Debug|Any CPU = Debug|Any CPU
		Release|Any CPU = Release|Any CPU
	EndGlobalSection
	GlobalSection(ProjectConfigurationPlatforms) = postSolution
		{1F1F7835-439B-401D-90EF-F9BA15BC4819}.Debug|Any CPU.ActiveCfg = Debug|Any CPU
		{1F1F7835-439B-401D-90EF-F9BA15BC4819}.Debug|Any CPU.Build.0 = Debug|Any CPU
		{1F1F7835-439B-401D-90EF-F9BA15BC4819}.Release|Any CPU.ActiveCfg = Release|Any CPU
		{1F1F7835-439B-401D-90EF-F9BA15BC4819}.Release|Any CPU.Build.0 = Release|Any CPU
		{C75B11E5-72F3-4551-93B7-D4ADD2D35321}.Debug|Any CPU.ActiveCfg = Debug|Any CPU
		{C75B11E5-72F3-4551-93B7-D4ADD2D35321}.Debug|Any CPU.Build.0 = Debug|Any CPU
		{C75B11E5-72F3-4551-93B7-D4ADD2D35321}.Release|Any CPU.ActiveCfg = Release|Any CPU
		{C75B11E5-72F3-4551-93B7-D4ADD2D35321}.Release|Any CPU.Build.0 = Release|Any CPU
		{4B0CE9F1-8020-4481-826A-1CB289443BF5}.Debug|Any CPU.ActiveCfg = Debug|Any CPU
		{4B0CE9F1-8020-4481-826A-1CB289443BF5}.Debug|Any CPU.Build.0 = Debug|Any CPU
		{4B0CE9F1-8020-4481-826A-1CB289443BF5}.Release|Any CPU.ActiveCfg = Release|Any CPU
		{4B0CE9F1-8020-4481-826A-1CB289443BF5}.Release|Any CPU.Build.0 = Release|Any CPU
	EndGlobalSection
	GlobalSection(SolutionProperties) = preSolution
		HideSolutionNode = FALSE
	EndGlobalSection
EndGlobal
